# THIS IS AN AUTOGENERATED FILE. DO NOT EDIT THIS FILE DIRECTLY.
# yarn lockfile v1


"@prettier/plugin-ruby@^0.12.0":
  version "0.12.3"
  resolved "https://registry.yarnpkg.com/@prettier/plugin-ruby/-/plugin-ruby-0.12.3.tgz#b7fb7af86c0f5822ca89a5c7c52946ff439f962c"
  integrity sha512-2DEsy9L5MW6fPCIHtl5b2ghVSh+J3ZBm+eyXDX8e/crKxVxzSdqMcYAHFdgtaZHMZvXvrFsftCZjw5qkwm3p3A==
  dependencies:
    prettier "^1.16.4"

prettier@^1.16.4, prettier@^1.17.0:
  version "1.19.1"
  resolved "https://registry.yarnpkg.com/prettier/-/prettier-1.19.1.tgz#f7d7f5ff8a9cd872a7be4ca142095956a60797cb"
  integrity sha512-s7PoyDv/II1ObgQunCbB9PdLmUcBZcnWOcxDh7O0N/UwDEsHyqkW+Qh28jW+mVuCdx7gLB0BotYI1Y6uI9iyew==
